
Microsoft Visual Studio Solution File, Format Version 12.00
# Visual Studio Version 16
VisualStudioVersion = 16.0.29409.12
MinimumVisualStudioVersion = 10.0.40219.1
Project("{FAE04EC0-301F-11D3-BF4B-00C04F79EFBC}") = "DoubleLinkedList", "DoubleLinkedList\DoubleLinkedList.csproj", "{F38C4569-D377-4DA5-AE51-DA106EAC5D54}"
EndProject
Global
	GlobalSection(SolutionConfigurationPlatforms) = preSolution
		Debug|Any CPU = Debug|Any CPU
		Release|Any CPU = Release|Any CPU
	EndGlobalSection
	GlobalSection(ProjectConfigurationPlatforms) = postSolution
		{F38C4569-D377-4DA5-AE51-DA106EAC5D54}.Debug|Any CPU.ActiveCfg = Debug|Any CPU
		{F38C4569-D377-4DA5-AE51-DA106EAC5D54}.Debug|Any CPU.Build.0 = Debug|Any CPU
		{F38C4569-D377-4DA5-AE51-DA106EAC5D54}.Release|Any CPU.ActiveCfg = Release|Any CPU
		{F38C4569-D377-4DA5-AE51-DA106EAC5D54}.Release|Any CPU.Build.0 = Release|Any CPU
	EndGlobalSection
	GlobalSection(SolutionProperties) = preSolution
		HideSolutionNode = FALSE
	EndGlobalSection
	GlobalSection(ExtensibilityGlobals) = postSolution
		SolutionGuid = {134BDB3C-0B9A-4D57-BD02-D92749E47CF6}
	EndGlobalSection
EndGlobal
